{
    "version": 3,
    "terraform_version": "0.11.11",
    "serial": 2,
    "lineage": "d7ebf57d-6186-ec8a-625a-63f32525e603",
    "modules": [
        {
            "path": [
                "root"
            ],
            "outputs": {},
            "resources": {
                "aws_instance.test": {
                    "type": "aws_instance",
                    "depends_on": [],
                    "primary": {
                        "id": "i-0716d34a074a93f0e",
                        "attributes": {
                            "ami": "ami-0274e11dced17bb5b",
                            "arn": "arn:aws:ec2:eu-west-2:493483295550:instance/i-0716d34a074a93f0e",
                            "associate_public_ip_address": "true",
                            "availability_zone": "eu-west-2a",
                            "cpu_core_count": "1",
                            "cpu_threads_per_core": "1",
                            "credit_specification.#": "1",
                            "credit_specification.0.cpu_credits": "standard",
                            "disable_api_termination": "false",
                            "ebs_block_device.#": "0",
                            "ebs_optimized": "false",
                            "ephemeral_block_device.#": "0",
                            "get_password_data": "false",
                            "iam_instance_profile": "",
                            "id": "i-0716d34a074a93f0e",
                            "instance_state": "running",
                            "instance_type": "t2.micro",
                            "ipv6_addresses.#": "0",
                            "key_name": "",
                            "monitoring": "false",
                            "network_interface.#": "0",
                            "network_interface_id": "eni-0268f5d461ab84fdb",
                            "password_data": "",
                            "placement_group": "",
                            "primary_network_interface_id": "eni-0268f5d461ab84fdb",
                            "private_dns": "ip-172-31-26-40.eu-west-2.compute.internal",
                            "private_ip": "172.31.26.40",
                            "public_dns": "ec2-35-178-196-155.eu-west-2.compute.amazonaws.com",
                            "public_ip": "35.178.196.155",
                            "root_block_device.#": "1",
                            "root_block_device.0.delete_on_termination": "true",
                            "root_block_device.0.iops": "100",
                            "root_block_device.0.volume_id": "vol-0926a06006fe8b036",
                            "root_block_device.0.volume_size": "8",
                            "root_block_device.0.volume_type": "gp2",
                            "security_groups.#": "1",
                            "security_groups.3814588639": "default",
                            "source_dest_check": "true",
                            "subnet_id": "subnet-c368c9b9",
                            "tags.%": "0",
                            "tenancy": "default",
                            "volume_tags.%": "0",
                            "vpc_security_group_ids.#": "1",
                            "vpc_security_group_ids.1299855398": "sg-5ddcb437"
                        },
                        "meta": {
                            "e2bfb730-ecaa-11e6-8f88-34363bc7c4c0": {
                                "create": 600000000000,
                                "delete": 1200000000000,
                                "update": 600000000000
                            },
                            "schema_version": "1"
                        },
                        "tainted": false
                    },
                    "deposed": [],
                    "provider": "provider.aws"
                }
            },
            "depends_on": []
        }
    ]
}
